// !$*UTF8*$!
{
	archiveVersion = 1;
	classes = {
	};
	objectVersion = 55;
	objects = {

/* Begin PBXBuildFile section */
		160F353E28D6207A00EE6057 /* SnacksTableViewController.swift in Sources */ = {isa = PBXBuildFile; fileRef = 160F353D28D6207A00EE6057 /* SnacksTableViewController.swift */; };
		1633161F28DA053D003B1AEA /* AddItensViewController.swift in Sources */ = {isa = PBXBuildFile; fileRef = 1633161D28DA053D003B1AEA /* AddItensViewController.swift */; };
		1633162028DA053D003B1AEA /* AddItensViewController.xib in Resources */ = {isa = PBXBuildFile; fileRef = 1633161E28DA053D003B1AEA /* AddItensViewController.xib */; };
		163A52BD2916B6DE00050F00 /* Alert.swift in Sources */ = {isa = PBXBuildFile; fileRef = 163A52BC2916B6DE00050F00 /* Alert.swift */; };
		16B4E8E828C38988001C9212 /* Snack.swift in Sources */ = {isa = PBXBuildFile; fileRef = 16B4E8E728C38988001C9212 /* Snack.swift */; };
		16B4E8EA28C38A0F001C9212 /* Item.swift in Sources */ = {isa = PBXBuildFile; fileRef = 16B4E8E928C38A0F001C9212 /* Item.swift */; };
		16DD2A5B28B5754E00C71691 /* AppDelegate.swift in Sources */ = {isa = PBXBuildFile; fileRef = 16DD2A5A28B5754E00C71691 /* AppDelegate.swift */; };
		16DD2A5D28B5754E00C71691 /* SceneDelegate.swift in Sources */ = {isa = PBXBuildFile; fileRef = 16DD2A5C28B5754E00C71691 /* SceneDelegate.swift */; };
		16DD2A5F28B5754E00C71691 /* ViewController.swift in Sources */ = {isa = PBXBuildFile; fileRef = 16DD2A5E28B5754E00C71691 /* ViewController.swift */; };
		16DD2A6228B5754E00C71691 /* Main.storyboard in Resources */ = {isa = PBXBuildFile; fileRef = 16DD2A6028B5754E00C71691 /* Main.storyboard */; };
		16DD2A6428B5754F00C71691 /* Assets.xcassets in Resources */ = {isa = PBXBuildFile; fileRef = 16DD2A6328B5754F00C71691 /* Assets.xcassets */; };
		16DD2A6728B5754F00C71691 /* LaunchScreen.storyboard in Resources */ = {isa = PBXBuildFile; fileRef = 16DD2A6528B5754F00C71691 /* LaunchScreen.storyboard */; };
		16F8E57A2919BE76006B7707 /* RemoveSnackViewController.swift in Sources */ = {isa = PBXBuildFile; fileRef = 16F8E5792919BE76006B7707 /* RemoveSnackViewController.swift */; };
		16FCF64E2922740700CE1F15 /* SnacksDao.swift in Sources */ = {isa = PBXBuildFile; fileRef = 16FCF64D2922740700CE1F15 /* SnacksDao.swift */; };
		16FCF6502922788000CE1F15 /* ItenDao.swift in Sources */ = {isa = PBXBuildFile; fileRef = 16FCF64F2922788000CE1F15 /* ItenDao.swift */; };
/* End PBXBuildFile section */

/* Begin PBXFileReference section */
		160F353D28D6207A00EE6057 /* SnacksTableViewController.swift */ = {isa = PBXFileReference; lastKnownFileType = sourcecode.swift; path = SnacksTableViewController.swift; sourceTree = "<group>"; };
		1633161D28DA053D003B1AEA /* AddItensViewController.swift */ = {isa = PBXFileReference; lastKnownFileType = sourcecode.swift; path = AddItensViewController.swift; sourceTree = "<group>"; };
		1633161E28DA053D003B1AEA /* AddItensViewController.xib */ = {isa = PBXFileReference; lastKnownFileType = file.xib; path = AddItensViewController.xib; sourceTree = "<group>"; };
		163A52BC2916B6DE00050F00 /* Alert.swift */ = {isa = PBXFileReference; lastKnownFileType = sourcecode.swift; path = Alert.swift; sourceTree = "<group>"; };
		16B4E8E728C38988001C9212 /* Snack.swift */ = {isa = PBXFileReference; lastKnownFileType = sourcecode.swift; path = Snack.swift; sourceTree = "<group>"; };
		16B4E8E928C38A0F001C9212 /* Item.swift */ = {isa = PBXFileReference; lastKnownFileType = sourcecode.swift; path = Item.swift; sourceTree = "<group>"; };
		16DD2A5728B5754E00C71691 /* introductio-to-swift.app */ = {isa = PBXFileReference; explicitFileType = wrapper.application; includeInIndex = 0; path = "introductio-to-swift.app"; sourceTree = BUILT_PRODUCTS_DIR; };
		16DD2A5A28B5754E00C71691 /* AppDelegate.swift */ = {isa = PBXFileReference; lastKnownFileType = sourcecode.swift; path = AppDelegate.swift; sourceTree = "<group>"; };
		16DD2A5C28B5754E00C71691 /* SceneDelegate.swift */ = {isa = PBXFileReference; lastKnownFileType = sourcecode.swift; path = SceneDelegate.swift; sourceTree = "<group>"; };
		16DD2A5E28B5754E00C71691 /* ViewController.swift */ = {isa = PBXFileReference; lastKnownFileType = sourcecode.swift; path = ViewController.swift; sourceTree = "<group>"; };
		16DD2A6128B5754E00C71691 /* Base */ = {isa = PBXFileReference; lastKnownFileType = file.storyboard; name = Base; path = Base.lproj/Main.storyboard; sourceTree = "<group>"; };
		16DD2A6328B5754F00C71691 /* Assets.xcassets */ = {isa = PBXFileReference; lastKnownFileType = folder.assetcatalog; path = Assets.xcassets; sourceTree = "<group>"; };
		16DD2A6628B5754F00C71691 /* Base */ = {isa = PBXFileReference; lastKnownFileType = file.storyboard; name = Base; path = Base.lproj/LaunchScreen.storyboard; sourceTree = "<group>"; };
		16DD2A6828B5754F00C71691 /* Info.plist */ = {isa = PBXFileReference; lastKnownFileType = text.plist.xml; path = Info.plist; sourceTree = "<group>"; };
		16F8E5792919BE76006B7707 /* RemoveSnackViewController.swift */ = {isa = PBXFileReference; lastKnownFileType = sourcecode.swift; path = RemoveSnackViewController.swift; sourceTree = "<group>"; };
		16FCF64D2922740700CE1F15 /* SnacksDao.swift */ = {isa = PBXFileReference; lastKnownFileType = sourcecode.swift; path = SnacksDao.swift; sourceTree = "<group>"; };
		16FCF64F2922788000CE1F15 /* ItenDao.swift */ = {isa = PBXFileReference; lastKnownFileType = sourcecode.swift; path = ItenDao.swift; sourceTree = "<group>"; };
/* End PBXFileReference section */

/* Begin PBXFrameworksBuildPhase section */
		16DD2A5428B5754E00C71691 /* Frameworks */ = {
			isa = PBXFrameworksBuildPhase;
			buildActionMask = 2147483647;
			files = (
			);
			runOnlyForDeploymentPostprocessing = 0;
		};
/* End PBXFrameworksBuildPhase section */

/* Begin PBXGroup section */
		16B4E8EB28C38AB3001C9212 /* Models */ = {
			isa = PBXGroup;
			children = (
				16B4E8E728C38988001C9212 /* Snack.swift */,
				16B4E8E928C38A0F001C9212 /* Item.swift */,
				163A52BC2916B6DE00050F00 /* Alert.swift */,
				16FCF64D2922740700CE1F15 /* SnacksDao.swift */,
				16FCF64F2922788000CE1F15 /* ItenDao.swift */,
			);
			path = Models;
			sourceTree = "<group>";
		};
		16B4E8EC28C38AE3001C9212 /* Controllers */ = {
			isa = PBXGroup;
			children = (
				1633161D28DA053D003B1AEA /* AddItensViewController.swift */,
				16DD2A5E28B5754E00C71691 /* ViewController.swift */,
				160F353D28D6207A00EE6057 /* SnacksTableViewController.swift */,
				16F8E5792919BE76006B7707 /* RemoveSnackViewController.swift */,
			);
			path = Controllers;
			sourceTree = "<group>";
		};
		16B4E8ED28C38B39001C9212 /* Views */ = {
			isa = PBXGroup;
			children = (
				16DD2A6028B5754E00C71691 /* Main.storyboard */,
				1633161E28DA053D003B1AEA /* AddItensViewController.xib */,
			);
			path = Views;
			sourceTree = "<group>";
		};
		16DD2A4E28B5754E00C71691 = {
			isa = PBXGroup;
			children = (
				16DD2A5928B5754E00C71691 /* introductio-to-swift */,
				16DD2A5828B5754E00C71691 /* Products */,
			);
			sourceTree = "<group>";
		};
		16DD2A5828B5754E00C71691 /* Products */ = {
			isa = PBXGroup;
			children = (
				16DD2A5728B5754E00C71691 /* introductio-to-swift.app */,
			);
			name = Products;
			sourceTree = "<group>";
		};
		16DD2A5928B5754E00C71691 /* introductio-to-swift */ = {
			isa = PBXGroup;
			children = (
				16DD2A5A28B5754E00C71691 /* AppDelegate.swift */,
				16DD2A5C28B5754E00C71691 /* SceneDelegate.swift */,
				16B4E8ED28C38B39001C9212 /* Views */,
				16B4E8EB28C38AB3001C9212 /* Models */,
				16B4E8EC28C38AE3001C9212 /* Controllers */,
				16DD2A6328B5754F00C71691 /* Assets.xcassets */,
				16DD2A6528B5754F00C71691 /* LaunchScreen.storyboard */,
				16DD2A6828B5754F00C71691 /* Info.plist */,
			);
			path = "introductio-to-swift";
			sourceTree = "<group>";
		};
/* End PBXGroup section */

/* Begin PBXNativeTarget section */
		16DD2A5628B5754E00C71691 /* introductio-to-swift */ = {
			isa = PBXNativeTarget;
			buildConfigurationList = 16DD2A6B28B5754F00C71691 /* Build configuration list for PBXNativeTarget "introductio-to-swift" */;
			buildPhases = (
				16DD2A5328B5754E00C71691 /* Sources */,
				16DD2A5428B5754E00C71691 /* Frameworks */,
				16DD2A5528B5754E00C71691 /* Resources */,
			);
			buildRules = (
			);
			dependencies = (
			);
			name = "introductio-to-swift";
			productName = "introductio-to-swift";
			productReference = 16DD2A5728B5754E00C71691 /* introductio-to-swift.app */;
			productType = "com.apple.product-type.application";
		};
/* End PBXNativeTarget section */

/* Begin PBXProject section */
		16DD2A4F28B5754E00C71691 /* Project object */ = {
			isa = PBXProject;
			attributes = {
				BuildIndependentTargetsInParallel = 1;
				LastSwiftUpdateCheck = 1340;
				LastUpgradeCheck = 1340;
				TargetAttributes = {
					16DD2A5628B5754E00C71691 = {
						CreatedOnToolsVersion = 13.4.1;
					};
				};
			};
			buildConfigurationList = 16DD2A5228B5754E00C71691 /* Build configuration list for PBXProject "introductio-to-swift" */;
			compatibilityVersion = "Xcode 13.0";
			developmentRegion = en;
			hasScannedForEncodings = 0;
			knownRegions = (
				en,
				Base,
			);
			mainGroup = 16DD2A4E28B5754E00C71691;
			productRefGroup = 16DD2A5828B5754E00C71691 /* Products */;
			projectDirPath = "";
			projectRoot = "";
			targets = (
				16DD2A5628B5754E00C71691 /* introductio-to-swift */,
			);
		};
/* End PBXProject section */

/* Begin PBXResourcesBuildPhase section */
		16DD2A5528B5754E00C71691 /* Resources */ = {
			isa = PBXResourcesBuildPhase;
			buildActionMask = 2147483647;
			files = (
				16DD2A6728B5754F00C71691 /* LaunchScreen.storyboard in Resources */,
				16DD2A6428B5754F00C71691 /* Assets.xcassets in Resources */,
				1633162028DA053D003B1AEA /* AddItensViewController.xib in Resources */,
				16DD2A6228B5754E00C71691 /* Main.storyboard in Resources */,
			);
			runOnlyForDeploymentPostprocessing = 0;
		};
/* End PBXResourcesBuildPhase section */

/* Begin PBXSourcesBuildPhase section */
		16DD2A5328B5754E00C71691 /* Sources */ = {
			isa = PBXSourcesBuildPhase;
			buildActionMask = 2147483647;
			files = (
				16B4E8EA28C38A0F001C9212 /* Item.swift in Sources */,
				16DD2A5F28B5754E00C71691 /* ViewController.swift in Sources */,
				16DD2A5B28B5754E00C71691 /* AppDelegate.swift in Sources */,
				16FCF6502922788000CE1F15 /* ItenDao.swift in Sources */,
				16B4E8E828C38988001C9212 /* Snack.swift in Sources */,
				16F8E57A2919BE76006B7707 /* RemoveSnackViewController.swift in Sources */,
				160F353E28D6207A00EE6057 /* SnacksTableViewController.swift in Sources */,
				1633161F28DA053D003B1AEA /* AddItensViewController.swift in Sources */,
				163A52BD2916B6DE00050F00 /* Alert.swift in Sources */,
				16DD2A5D28B5754E00C71691 /* SceneDelegate.swift in Sources */,
				16FCF64E2922740700CE1F15 /* SnacksDao.swift in Sources */,
			);
			runOnlyForDeploymentPostprocessing = 0;
		};
/* End PBXSourcesBuildPhase section */

/* Begin PBXVariantGroup section */
		16DD2A6028B5754E00C71691 /* Main.storyboard */ = {
			isa = PBXVariantGroup;
			children = (
				16DD2A6128B5754E00C71691 /* Base */,
			);
			name = Main.storyboard;
			sourceTree = "<group>";
		};
		16DD2A6528B5754F00C71691 /* LaunchScreen.storyboard */ = {
			isa = PBXVariantGroup;
			children = (
				16DD2A6628B5754F00C71691 /* Base */,
			);
			name = LaunchScreen.storyboard;
			sourceTree = "<group>";
		};
/* End PBXVariantGroup section */

/* Begin XCBuildConfiguration section */
		16DD2A6928B5754F00C71691 /* Debug */ = {
			isa = XCBuildConfiguration;
			buildSettings = {
				ALWAYS_SEARCH_USER_PATHS = NO;
				CLANG_ANALYZER_NONNULL = YES;
				CLANG_ANALYZER_NUMBER_OBJECT_CONVERSION = YES_AGGRESSIVE;
				CLANG_CXX_LANGUAGE_STANDARD = "gnu++17";
				CLANG_ENABLE_MODULES = YES;
				CLANG_ENABLE_OBJC_ARC = YES;
				CLANG_ENABLE_OBJC_WEAK = YES;
				CLANG_WARN_BLOCK_CAPTURE_AUTORELEASING = YES;
				CLANG_WARN_BOOL_CONVERSION = YES;
				CLANG_WARN_COMMA = YES;
				CLANG_WARN_CONSTANT_CONVERSION = YES;
				CLANG_WARN_DEPRECATED_OBJC_IMPLEMENTATIONS = YES;
				CLANG_WARN_DIRECT_OBJC_ISA_USAGE = YES_ERROR;
				CLANG_WARN_DOCUMENTATION_COMMENTS = YES;
				CLANG_WARN_EMPTY_BODY = YES;
				CLANG_WARN_ENUM_CONVERSION = YES;
				CLANG_WARN_INFINITE_RECURSION = YES;
				CLANG_WARN_INT_CONVERSION = YES;
				CLANG_WARN_NON_LITERAL_NULL_CONVERSION = YES;
				CLANG_WARN_OBJC_IMPLICIT_RETAIN_SELF = YES;
				CLANG_WARN_OBJC_LITERAL_CONVERSION = YES;
				CLANG_WARN_OBJC_ROOT_CLASS = YES_ERROR;
				CLANG_WARN_QUOTED_INCLUDE_IN_FRAMEWORK_HEADER = YES;
				CLANG_WARN_RANGE_LOOP_ANALYSIS = YES;
				CLANG_WARN_STRICT_PROTOTYPES = YES;
				CLANG_WARN_SUSPICIOUS_MOVE = YES;
				CLANG_WARN_UNGUARDED_AVAILABILITY = YES_AGGRESSIVE;
				CLANG_WARN_UNREACHABLE_CODE = YES;
				CLANG_WARN__DUPLICATE_METHOD_MATCH = YES;
				COPY_PHASE_STRIP = NO;
				DEBUG_INFORMATION_FORMAT = dwarf;
				ENABLE_STRICT_OBJC_MSGSEND = YES;
				ENABLE_TESTABILITY = YES;
				GCC_C_LANGUAGE_STANDARD = gnu11;
				GCC_DYNAMIC_NO_PIC = NO;
				GCC_NO_COMMON_BLOCKS = YES;
				GCC_OPTIMIZATION_LEVEL = 0;
				GCC_PREPROCESSOR_DEFINITIONS = (
					"DEBUG=1",
					"$(inherited)",
				);
				GCC_WARN_64_TO_32_BIT_CONVERSION = YES;
				GCC_WARN_ABOUT_RETURN_TYPE = YES_ERROR;
				GCC_WARN_UNDECLARED_SELECTOR = YES;
				GCC_WARN_UNINITIALIZED_AUTOS = YES_AGGRESSIVE;
				GCC_WARN_UNUSED_FUNCTION = YES;
				GCC_WARN_UNUSED_VARIABLE = YES;
				IPHONEOS_DEPLOYMENT_TARGET = 15.5;
				MTL_ENABLE_DEBUG_INFO = INCLUDE_SOURCE;
				MTL_FAST_MATH = YES;
				ONLY_ACTIVE_ARCH = YES;
				SDKROOT = iphoneos;
				SWIFT_ACTIVE_COMPILATION_CONDITIONS = DEBUG;
				SWIFT_OPTIMIZATION_LEVEL = "-Onone";
			};
			name = Debug;
		};
		16DD2A6A28B5754F00C71691 /* Release */ = {
			isa = XCBuildConfiguration;
			buildSettings = {
				ALWAYS_SEARCH_USER_PATHS = NO;
				CLANG_ANALYZER_NONNULL = YES;
				CLANG_ANALYZER_NUMBER_OBJECT_CONVERSION = YES_AGGRESSIVE;
				CLANG_CXX_LANGUAGE_STANDARD = "gnu++17";
				CLANG_ENABLE_MODULES = YES;
				CLANG_ENABLE_OBJC_ARC = YES;
				CLANG_ENABLE_OBJC_WEAK = YES;
				CLANG_WARN_BLOCK_CAPTURE_AUTORELEASING = YES;
				CLANG_WARN_BOOL_CONVERSION = YES;
				CLANG_WARN_COMMA = YES;
				CLANG_WARN_CONSTANT_CONVERSION = YES;
				CLANG_WARN_DEPRECATED_OBJC_IMPLEMENTATIONS = YES;
				CLANG_WARN_DIRECT_OBJC_ISA_USAGE = YES_ERROR;
				CLANG_WARN_DOCUMENTATION_COMMENTS = YES;
				CLANG_WARN_EMPTY_BODY = YES;
				CLANG_WARN_ENUM_CONVERSION = YES;
				CLANG_WARN_INFINITE_RECURSION = YES;
				CLANG_WARN_INT_CONVERSION = YES;
				CLANG_WARN_NON_LITERAL_NULL_CONVERSION = YES;
				CLANG_WARN_OBJC_IMPLICIT_RETAIN_SELF = YES;
				CLANG_WARN_OBJC_LITERAL_CONVERSION = YES;
				CLANG_WARN_OBJC_ROOT_CLASS = YES_ERROR;
				CLANG_WARN_QUOTED_INCLUDE_IN_FRAMEWORK_HEADER = YES;
				CLANG_WARN_RANGE_LOOP_ANALYSIS = YES;
				CLANG_WARN_STRICT_PROTOTYPES = YES;
				CLANG_WARN_SUSPICIOUS_MOVE = YES;
				CLANG_WARN_UNGUARDED_AVAILABILITY = YES_AGGRESSIVE;
				CLANG_WARN_UNREACHABLE_CODE = YES;
				CLANG_WARN__DUPLICATE_METHOD_MATCH = YES;
				COPY_PHASE_STRIP = NO;
				DEBUG_INFORMATION_FORMAT = "dwarf-with-dsym";
				ENABLE_NS_ASSERTIONS = NO;
				ENABLE_STRICT_OBJC_MSGSEND = YES;
				GCC_C_LANGUAGE_STANDARD = gnu11;
				GCC_NO_COMMON_BLOCKS = YES;
				GCC_WARN_64_TO_32_BIT_CONVERSION = YES;
				GCC_WARN_ABOUT_RETURN_TYPE = YES_ERROR;
				GCC_WARN_UNDECLARED_SELECTOR = YES;
				GCC_WARN_UNINITIALIZED_AUTOS = YES_AGGRESSIVE;
				GCC_WARN_UNUSED_FUNCTION = YES;
				GCC_WARN_UNUSED_VARIABLE = YES;
				IPHONEOS_DEPLOYMENT_TARGET = 15.5;
				MTL_ENABLE_DEBUG_INFO = NO;
				MTL_FAST_MATH = YES;
				SDKROOT = iphoneos;
				SWIFT_COMPILATION_MODE = wholemodule;
				SWIFT_OPTIMIZATION_LEVEL = "-O";
				VALIDATE_PRODUCT = YES;
			};
			name = Release;
		};
		16DD2A6C28B5754F00C71691 /* Debug */ = {
			isa = XCBuildConfiguration;
			buildSettings = {
				ASSETCATALOG_COMPILER_APPICON_NAME = AppIcon;
				ASSETCATALOG_COMPILER_GLOBAL_ACCENT_COLOR_NAME = AccentColor;
				CODE_SIGN_STYLE = Automatic;
				CURRENT_PROJECT_VERSION = 1;
				DEVELOPMENT_TEAM = 6NLKWTB739;
				GENERATE_INFOPLIST_FILE = YES;
				INFOPLIST_FILE = "introductio-to-swift/Info.plist";
				INFOPLIST_KEY_UIApplicationSupportsIndirectInputEvents = YES;
				INFOPLIST_KEY_UILaunchStoryboardName = LaunchScreen;
				INFOPLIST_KEY_UIMainStoryboardFile = Main;
				INFOPLIST_KEY_UISupportedInterfaceOrientations_iPad = "UIInterfaceOrientationPortrait UIInterfaceOrientationPortraitUpsideDown UIInterfaceOrientationLandscapeLeft UIInterfaceOrientationLandscapeRight";
				INFOPLIST_KEY_UISupportedInterfaceOrientations_iPhone = "UIInterfaceOrientationPortrait UIInterfaceOrientationLandscapeLeft UIInterfaceOrientationLandscapeRight";
				LD_RUNPATH_SEARCH_PATHS = (
					"$(inherited)",
					"@executable_path/Frameworks",
				);
				MARKETING_VERSION = 1.0;
				PRODUCT_BUNDLE_IDENTIFIER = "Franklin-Aurelio.introductio-to-swift";
				PRODUCT_NAME = "$(TARGET_NAME)";
				SWIFT_EMIT_LOC_STRINGS = YES;
				SWIFT_VERSION = 5.0;
				TARGETED_DEVICE_FAMILY = "1,2";
			};
			name = Debug;
		};
		16DD2A6D28B5754F00C71691 /* Release */ = {
			isa = XCBuildConfiguration;
			buildSettings = {
				ASSETCATALOG_COMPILER_APPICON_NAME = AppIcon;
				ASSETCATALOG_COMPILER_GLOBAL_ACCENT_COLOR_NAME = AccentColor;
				CODE_SIGN_STYLE = Automatic;
				CURRENT_PROJECT_VERSION = 1;
				DEVELOPMENT_TEAM = 6NLKWTB739;
				GENERATE_INFOPLIST_FILE = YES;
				INFOPLIST_FILE = "introductio-to-swift/Info.plist";
				INFOPLIST_KEY_UIApplicationSupportsIndirectInputEvents = YES;
				INFOPLIST_KEY_UILaunchStoryboardName = LaunchScreen;
				INFOPLIST_KEY_UIMainStoryboardFile = Main;
				INFOPLIST_KEY_UISupportedInterfaceOrientations_iPad = "UIInterfaceOrientationPortrait UIInterfaceOrientationPortraitUpsideDown UIInterfaceOrientationLandscapeLeft UIInterfaceOrientationLandscapeRight";
				INFOPLIST_KEY_UISupportedInterfaceOrientations_iPhone = "UIInterfaceOrientationPortrait UIInterfaceOrientationLandscapeLeft UIInterfaceOrientationLandscapeRight";
				LD_RUNPATH_SEARCH_PATHS = (
					"$(inherited)",
					"@executable_path/Frameworks",
				);
				MARKETING_VERSION = 1.0;
				PRODUCT_BUNDLE_IDENTIFIER = "Franklin-Aurelio.introductio-to-swift";
				PRODUCT_NAME = "$(TARGET_NAME)";
				SWIFT_EMIT_LOC_STRINGS = YES;
				SWIFT_VERSION = 5.0;
				TARGETED_DEVICE_FAMILY = "1,2";
			};
			name = Release;
		};
/* End XCBuildConfiguration section */

/* Begin XCConfigurationList section */
		16DD2A5228B5754E00C71691 /* Build configuration list for PBXProject "introductio-to-swift" */ = {
			isa = XCConfigurationList;
			buildConfigurations = (
				16DD2A6928B5754F00C71691 /* Debug */,
				16DD2A6A28B5754F00C71691 /* Release */,
			);
			defaultConfigurationIsVisible = 0;
			defaultConfigurationName = Release;
		};
		16DD2A6B28B5754F00C71691 /* Build configuration list for PBXNativeTarget "introductio-to-swift" */ = {
			isa = XCConfigurationList;
			buildConfigurations = (
				16DD2A6C28B5754F00C71691 /* Debug */,
				16DD2A6D28B5754F00C71691 /* Release */,
			);
			defaultConfigurationIsVisible = 0;
			defaultConfigurationName = Release;
		};
/* End XCConfigurationList section */
	};
	rootObject = 16DD2A4F28B5754E00C71691 /* Project object */;
}
